{
  "name": "xss",
  "lockfileVersion": 2,
  "requires": true,
  "packages": {
    "": {
      "devDependencies": {
        "node-esapi": "^0.0.1"
      }
    },
    "node_modules/node-esapi": {
      "version": "0.0.1",
      "resolved": "https://registry.npmjs.org/node-esapi/-/node-esapi-0.0.1.tgz",
      "integrity": "sha1-b0xFahTrvRNaDw0XZsMLKr8HGYw=",
      "dev": true
    }
  },
  "dependencies": {
    "node-esapi": {
      "version": "0.0.1",
      "resolved": "https://registry.npmjs.org/node-esapi/-/node-esapi-0.0.1.tgz",
      "integrity": "sha1-b0xFahTrvRNaDw0XZsMLKr8HGYw=",
      "dev": true
    }
  }
}
